
Microsoft Visual Studio Solution File, Format Version 12.00
# Visual Studio 15
VisualStudioVersion = 15.0.27703.1
MinimumVisualStudioVersion = 10.0.40219.1
Project("{FAE04EC0-301F-11D3-BF4B-00C04F79EFBC}") = "Geometry.NET", "Geometry.NET\Geometry.NET.csproj", "{37407F28-44F4-488A-A256-69AA3C2F69D0}"
EndProject
Project("{FAE04EC0-301F-11D3-BF4B-00C04F79EFBC}") = "Geometry.NET.Tests", "Geometry.NET.Tests\Geometry.NET.Tests.csproj", "{CC89E36A-AEBF-4BA3-865A-FB152C885D66}"
EndProject
Global
	GlobalSection(SolutionConfigurationPlatforms) = preSolution
		Debug|Any CPU = Debug|Any CPU
		Release|Any CPU = Release|Any CPU
	EndGlobalSection
	GlobalSection(ProjectConfigurationPlatforms) = postSolution
		{37407F28-44F4-488A-A256-69AA3C2F69D0}.Debug|Any CPU.ActiveCfg = Debug|Any CPU
		{37407F28-44F4-488A-A256-69AA3C2F69D0}.Debug|Any CPU.Build.0 = Debug|Any CPU
		{37407F28-44F4-488A-A256-69AA3C2F69D0}.Release|Any CPU.ActiveCfg = Release|Any CPU
		{37407F28-44F4-488A-A256-69AA3C2F69D0}.Release|Any CPU.Build.0 = Release|Any CPU
		{CC89E36A-AEBF-4BA3-865A-FB152C885D66}.Debug|Any CPU.ActiveCfg = Debug|Any CPU
		{CC89E36A-AEBF-4BA3-865A-FB152C885D66}.Debug|Any CPU.Build.0 = Debug|Any CPU
		{CC89E36A-AEBF-4BA3-865A-FB152C885D66}.Release|Any CPU.ActiveCfg = Release|Any CPU
		{CC89E36A-AEBF-4BA3-865A-FB152C885D66}.Release|Any CPU.Build.0 = Release|Any CPU
	EndGlobalSection
	GlobalSection(SolutionProperties) = preSolution
		HideSolutionNode = FALSE
	EndGlobalSection
	GlobalSection(ExtensibilityGlobals) = postSolution
		SolutionGuid = {58E0E7D6-7CB6-47DD-A49C-56C7D07997B9}
	EndGlobalSection
EndGlobal
